
Microsoft Visual Studio Solution File, Format Version 12.00
# Visual Studio Version 16
VisualStudioVersion = 16.0.30225.117
MinimumVisualStudioVersion = 10.0.40219.1
Project("{9A19103F-16F7-4668-BE54-9A1E7A4F7556}") = "API_SR_Bank", "API_SR_Bank\API_SR_Bank.csproj", "{13AC3467-D6CC-458F-88FD-3202B8EA7D28}"
EndProject
Project("{FAE04EC0-301F-11D3-BF4B-00C04F79EFBC}") = "WebApp", "WebApp\WebApp.csproj", "{12FFB327-5C21-4A24-9D9D-793EABE77F25}"
EndProject
Global
	GlobalSection(SolutionConfigurationPlatforms) = preSolution
		Debug|Any CPU = Debug|Any CPU
		Release|Any CPU = Release|Any CPU
	EndGlobalSection
	GlobalSection(ProjectConfigurationPlatforms) = postSolution
		{13AC3467-D6CC-458F-88FD-3202B8EA7D28}.Debug|Any CPU.ActiveCfg = Debug|Any CPU
		{13AC3467-D6CC-458F-88FD-3202B8EA7D28}.Debug|Any CPU.Build.0 = Debug|Any CPU
		{13AC3467-D6CC-458F-88FD-3202B8EA7D28}.Release|Any CPU.ActiveCfg = Release|Any CPU
		{13AC3467-D6CC-458F-88FD-3202B8EA7D28}.Release|Any CPU.Build.0 = Release|Any CPU
		{12FFB327-5C21-4A24-9D9D-793EABE77F25}.Debug|Any CPU.ActiveCfg = Debug|Any CPU
		{12FFB327-5C21-4A24-9D9D-793EABE77F25}.Debug|Any CPU.Build.0 = Debug|Any CPU
		{12FFB327-5C21-4A24-9D9D-793EABE77F25}.Release|Any CPU.ActiveCfg = Release|Any CPU
		{12FFB327-5C21-4A24-9D9D-793EABE77F25}.Release|Any CPU.Build.0 = Release|Any CPU
	EndGlobalSection
	GlobalSection(SolutionProperties) = preSolution
		HideSolutionNode = FALSE
	EndGlobalSection
	GlobalSection(ExtensibilityGlobals) = postSolution
		SolutionGuid = {B9FC1FE2-1454-4B18-8825-76F5C26D972F}
	EndGlobalSection
EndGlobal
